
Microsoft Visual Studio Solution File, Format Version 12.00
# Visual Studio Version 17
VisualStudioVersion = 17.6.33815.320
MinimumVisualStudioVersion = 10.0.40219.1
Project("{FAE04EC0-301F-11D3-BF4B-00C04F79EFBC}") = "API", "API\API.csproj", "{FAAD09C9-3D63-4D2D-B357-32C877E4D4B9}"
EndProject
Global
	GlobalSection(SolutionConfigurationPlatforms) = preSolution
		Debug|Any CPU = Debug|Any CPU
		Release|Any CPU = Release|Any CPU
	EndGlobalSection
	GlobalSection(ProjectConfigurationPlatforms) = postSolution
		{FAAD09C9-3D63-4D2D-B357-32C877E4D4B9}.Debug|Any CPU.ActiveCfg = Debug|Any CPU
		{FAAD09C9-3D63-4D2D-B357-32C877E4D4B9}.Debug|Any CPU.Build.0 = Debug|Any CPU
		{FAAD09C9-3D63-4D2D-B357-32C877E4D4B9}.Release|Any CPU.ActiveCfg = Release|Any CPU
		{FAAD09C9-3D63-4D2D-B357-32C877E4D4B9}.Release|Any CPU.Build.0 = Release|Any CPU
	EndGlobalSection
	GlobalSection(SolutionProperties) = preSolution
		HideSolutionNode = FALSE
	EndGlobalSection
	GlobalSection(ExtensibilityGlobals) = postSolution
		SolutionGuid = {063ACB41-4AB3-48A3-9BC4-99E6749220B3}
	EndGlobalSection
EndGlobal
